
Microsoft Visual Studio Solution File, Format Version 12.00
# Visual Studio Version 17
VisualStudioVersion = 17.10.35004.147
MinimumVisualStudioVersion = 10.0.40219.1
Project("{FAE04EC0-301F-11D3-BF4B-00C04F79EFBC}") = "Bonsai.Scripting.IronPython", "src\Bonsai.Scripting.IronPython\Bonsai.Scripting.IronPython.csproj", "{B535B646-BFAE-4D83-A189-A5DA16520CF2}"
EndProject
Project("{FAE04EC0-301F-11D3-BF4B-00C04F79EFBC}") = "Bonsai.Scripting.IronPython.Design", "src\Bonsai.Scripting.IronPython.Design\Bonsai.Scripting.IronPython.Design.csproj", "{A5E5842E-A929-4B99-BE47-7B097DA723D4}"
EndProject
Project("{2150E333-8FDC-42A3-9474-1A3956D46DE8}") = "build", "build", "{DEE5DD87-39C1-BF34-B639-A387DCCF972B}"
	ProjectSection(SolutionItems) = preProject
		build\Common.csproj.props = build\Common.csproj.props
		build\Common.csproj.targets = build\Common.csproj.targets
		build\Common.Tests.csproj.props = build\Common.Tests.csproj.props
		build\icon.png = build\icon.png
		build\Package.props = build\Package.props
		build\Project.csproj.props = build\Project.csproj.props
	EndProjectSection
EndProject
Global
	GlobalSection(SolutionConfigurationPlatforms) = preSolution
		Debug|Any CPU = Debug|Any CPU
		Release|Any CPU = Release|Any CPU
	EndGlobalSection
	GlobalSection(ProjectConfigurationPlatforms) = postSolution
		{B535B646-BFAE-4D83-A189-A5DA16520CF2}.Debug|Any CPU.ActiveCfg = Debug|Any CPU
		{B535B646-BFAE-4D83-A189-A5DA16520CF2}.Debug|Any CPU.Build.0 = Debug|Any CPU
		{B535B646-BFAE-4D83-A189-A5DA16520CF2}.Release|Any CPU.ActiveCfg = Release|Any CPU
		{B535B646-BFAE-4D83-A189-A5DA16520CF2}.Release|Any CPU.Build.0 = Release|Any CPU
		{A5E5842E-A929-4B99-BE47-7B097DA723D4}.Debug|Any CPU.ActiveCfg = Debug|Any CPU
		{A5E5842E-A929-4B99-BE47-7B097DA723D4}.Debug|Any CPU.Build.0 = Debug|Any CPU
		{A5E5842E-A929-4B99-BE47-7B097DA723D4}.Release|Any CPU.ActiveCfg = Release|Any CPU
		{A5E5842E-A929-4B99-BE47-7B097DA723D4}.Release|Any CPU.Build.0 = Release|Any CPU
	EndGlobalSection
	GlobalSection(SolutionProperties) = preSolution
		HideSolutionNode = FALSE
	EndGlobalSection
	GlobalSection(ExtensibilityGlobals) = postSolution
		SolutionGuid = {52F633FA-6F11-4D51-A823-97A6D81A5F57}
	EndGlobalSection
EndGlobal
